
Microsoft Visual Studio Solution File, Format Version 12.00
# Visual Studio Version 17
VisualStudioVersion = 17.14.36203.30 d17.14
MinimumVisualStudioVersion = 10.0.40219.1
Project("{FAE04EC0-301F-11D3-BF4B-00C04F79EFBC}") = "PixelArtEditor", "PixelArtEditor\PixelArtEditor.csproj", "{140B9AE2-E4DF-498D-9117-59F9204489ED}"
EndProject
Global
	GlobalSection(SolutionConfigurationPlatforms) = preSolution
		Debug|Any CPU = Debug|Any CPU
		Release|Any CPU = Release|Any CPU
	EndGlobalSection
	GlobalSection(ProjectConfigurationPlatforms) = postSolution
		{140B9AE2-E4DF-498D-9117-59F9204489ED}.Debug|Any CPU.ActiveCfg = Debug|Any CPU
		{140B9AE2-E4DF-498D-9117-59F9204489ED}.Debug|Any CPU.Build.0 = Debug|Any CPU
		{140B9AE2-E4DF-498D-9117-59F9204489ED}.Release|Any CPU.ActiveCfg = Release|Any CPU
		{140B9AE2-E4DF-498D-9117-59F9204489ED}.Release|Any CPU.Build.0 = Release|Any CPU
	EndGlobalSection
	GlobalSection(SolutionProperties) = preSolution
		HideSolutionNode = FALSE
	EndGlobalSection
	GlobalSection(ExtensibilityGlobals) = postSolution
		SolutionGuid = {69B19D33-25B6-4991-82EA-7A76069D8FE2}
	EndGlobalSection
EndGlobal
